
Microsoft Visual Studio Solution File, Format Version 12.00
# Visual Studio Version 16
VisualStudioVersion = 16.0.29709.97
MinimumVisualStudioVersion = 10.0.40219.1
Project("{9A19103F-16F7-4668-BE54-9A1E7A4F7556}") = "PINDomain", "PINDomain\PINDomain.csproj", "{F8D6F3EE-5071-49F6-A791-78D547140947}"
EndProject
Project("{9A19103F-16F7-4668-BE54-9A1E7A4F7556}") = "PINTest", "PINTest\PINTest.csproj", "{1DF27ECE-6A58-461E-AFA5-A43E6A7A5C0E}"
EndProject
Project("{FAE04EC0-301F-11D3-BF4B-00C04F79EFBC}") = "APISecurityToken", "APISecurityToken\APISecurityToken.csproj", "{18393517-4FED-43D3-8DCA-95D65FF2B373}"
EndProject
Global
	GlobalSection(SolutionConfigurationPlatforms) = preSolution
		Debug|Any CPU = Debug|Any CPU
		Release|Any CPU = Release|Any CPU
	EndGlobalSection
	GlobalSection(ProjectConfigurationPlatforms) = postSolution
		{F8D6F3EE-5071-49F6-A791-78D547140947}.Debug|Any CPU.ActiveCfg = Debug|Any CPU
		{F8D6F3EE-5071-49F6-A791-78D547140947}.Debug|Any CPU.Build.0 = Debug|Any CPU
		{F8D6F3EE-5071-49F6-A791-78D547140947}.Release|Any CPU.ActiveCfg = Release|Any CPU
		{F8D6F3EE-5071-49F6-A791-78D547140947}.Release|Any CPU.Build.0 = Release|Any CPU
		{1DF27ECE-6A58-461E-AFA5-A43E6A7A5C0E}.Debug|Any CPU.ActiveCfg = Debug|Any CPU
		{1DF27ECE-6A58-461E-AFA5-A43E6A7A5C0E}.Debug|Any CPU.Build.0 = Debug|Any CPU
		{1DF27ECE-6A58-461E-AFA5-A43E6A7A5C0E}.Release|Any CPU.ActiveCfg = Release|Any CPU
		{1DF27ECE-6A58-461E-AFA5-A43E6A7A5C0E}.Release|Any CPU.Build.0 = Release|Any CPU
		{18393517-4FED-43D3-8DCA-95D65FF2B373}.Debug|Any CPU.ActiveCfg = Debug|Any CPU
		{18393517-4FED-43D3-8DCA-95D65FF2B373}.Debug|Any CPU.Build.0 = Debug|Any CPU
		{18393517-4FED-43D3-8DCA-95D65FF2B373}.Release|Any CPU.ActiveCfg = Release|Any CPU
		{18393517-4FED-43D3-8DCA-95D65FF2B373}.Release|Any CPU.Build.0 = Release|Any CPU
	EndGlobalSection
	GlobalSection(SolutionProperties) = preSolution
		HideSolutionNode = FALSE
	EndGlobalSection
	GlobalSection(ExtensibilityGlobals) = postSolution
		SolutionGuid = {8C2196FF-764B-4C11-BE4A-3DD250402121}
	EndGlobalSection
EndGlobal
